
Microsoft Visual Studio Solution File, Format Version 12.00
# Visual Studio Version 17
VisualStudioVersion = 17.11.35312.102
MinimumVisualStudioVersion = 10.0.40219.1
Project("{8BC9CEB8-8B4A-11D0-8D11-00A0C91BC942}") = "Game_Shadow_Breach", "Game_Shadow_Breach\Game_Shadow_Breach.vcxproj", "{FE73231B-2C70-4542-A15C-F4CB6CBA0692}"
EndProject
Project("{8BC9CEB8-8B4A-11D0-8D11-00A0C91BC942}") = "TVector", "TVector\TVector.vcxproj", "{FA53AE1B-BF3E-4146-8EAB-F16FCE9BA17F}"
EndProject
Project("{8BC9CEB8-8B4A-11D0-8D11-00A0C91BC942}") = "Armor", "Armor\Armor.vcxproj", "{4B4FEB3C-FCD3-4CF4-ABD0-83CD075B272A}"
EndProject
Project("{8BC9CEB8-8B4A-11D0-8D11-00A0C91BC942}") = "Characters", "Characters\Characters.vcxproj", "{B115B59B-2FC2-40B5-87FF-D8537EF41BBE}"
EndProject
Project("{8BC9CEB8-8B4A-11D0-8D11-00A0C91BC942}") = "Loot", "Loot\Loot.vcxproj", "{1140FEDB-33AD-4E0E-B61B-3CFECC1AC11F}"
EndProject
Project("{8BC9CEB8-8B4A-11D0-8D11-00A0C91BC942}") = "Inventory", "Inventory\Inventory.vcxproj", "{D6718D1D-6BFA-4E63-8829-F48CFDC15A3F}"
EndProject
Project("{8BC9CEB8-8B4A-11D0-8D11-00A0C91BC942}") = "Map_Object", "Map_object\Map_object.vcxproj", "{612FD8C0-D4AF-4614-91C5-BEC6F6D01CD1}"
EndProject
Project("{8BC9CEB8-8B4A-11D0-8D11-00A0C91BC942}") = "Enemy", "Enemy\Enemy.vcxproj", "{26824DA7-AEF4-4FA4-88DC-375ABA466818}"
EndProject
Project("{8BC9CEB8-8B4A-11D0-8D11-00A0C91BC942}") = "Game_card", "Game_card\Game_card.vcxproj", "{F6F765B3-A3C7-45BF-A728-2F904E59945F}"
EndProject
Project("{8BC9CEB8-8B4A-11D0-8D11-00A0C91BC942}") = "Healer", "Healer\Healer.vcxproj", "{E17C6022-4381-43E9-B415-1A0275F9ED7B}"
EndProject
Project("{8BC9CEB8-8B4A-11D0-8D11-00A0C91BC942}") = "Key", "Key\Key.vcxproj", "{98661F78-6DB8-4D95-A895-C2329BE6E98B}"
EndProject
Project("{8BC9CEB8-8B4A-11D0-8D11-00A0C91BC942}") = "Magician", "Magician\Magician.vcxproj", "{2E09A082-DABA-4E8B-A9AF-0DEF9DA95BFC}"
EndProject
Project("{8BC9CEB8-8B4A-11D0-8D11-00A0C91BC942}") = "Outlaw", "Outlaw\Outlaw.vcxproj", "{CEDC912B-500A-4554-91C2-16A379D89EA8}"
EndProject
Project("{8BC9CEB8-8B4A-11D0-8D11-00A0C91BC942}") = "Potion", "Potion\Potion.vcxproj", "{498CB97E-DD37-46A2-A7BE-E88A25676183}"
EndProject
Project("{8BC9CEB8-8B4A-11D0-8D11-00A0C91BC942}") = "Warrior", "Warrior\Warrior.vcxproj", "{E1775099-78CE-4E29-8337-2C905A29EFC4}"
EndProject
Project("{8BC9CEB8-8B4A-11D0-8D11-00A0C91BC942}") = "Weapon", "Weapon\Weapon.vcxproj", "{B57FB7F7-143B-40E3-BB81-05335EBAB4A0}"
EndProject
Project("{8BC9CEB8-8B4A-11D0-8D11-00A0C91BC942}") = "Main", "Main\Main.vcxproj", "{5A699A61-A5DB-413F-B5D2-E21952090B6D}"
EndProject
Project("{8BC9CEB8-8B4A-11D0-8D11-00A0C91BC942}") = "Play_game", "Play_game\Play_game.vcxproj", "{7C9084FD-207D-4110-B665-40E10824AB3D}"
EndProject
Project("{8BC9CEB8-8B4A-11D0-8D11-00A0C91BC942}") = "Settings", "Settings\Settings.vcxproj", "{EF25932A-E38C-4830-9D61-81DA42E31F32}"
EndProject
Project("{8BC9CEB8-8B4A-11D0-8D11-00A0C91BC942}") = "Shop", "Shop\Shop.vcxproj", "{F684ADC9-3F82-46B2-94A1-4C1765074985}"
EndProject
Project("{8BC9CEB8-8B4A-11D0-8D11-00A0C91BC942}") = "Registration", "Registration\Registration.vcxproj", "{7F783D52-6B96-4730-B2E1-9945EECC14A8}"
EndProject
Global
	GlobalSection(SolutionConfigurationPlatforms) = preSolution
		Debug|x64 = Debug|x64
		Debug|x86 = Debug|x86
		Release|x64 = Release|x64
		Release|x86 = Release|x86
	EndGlobalSection
	GlobalSection(ProjectConfigurationPlatforms) = postSolution
		{FE73231B-2C70-4542-A15C-F4CB6CBA0692}.Debug|x64.ActiveCfg = Debug|x64
		{FE73231B-2C70-4542-A15C-F4CB6CBA0692}.Debug|x64.Build.0 = Debug|x64
		{FE73231B-2C70-4542-A15C-F4CB6CBA0692}.Debug|x86.ActiveCfg = Debug|Win32
		{FE73231B-2C70-4542-A15C-F4CB6CBA0692}.Debug|x86.Build.0 = Debug|Win32
		{FE73231B-2C70-4542-A15C-F4CB6CBA0692}.Release|x64.ActiveCfg = Release|x64
		{FE73231B-2C70-4542-A15C-F4CB6CBA0692}.Release|x64.Build.0 = Release|x64
		{FE73231B-2C70-4542-A15C-F4CB6CBA0692}.Release|x86.ActiveCfg = Release|Win32
		{FE73231B-2C70-4542-A15C-F4CB6CBA0692}.Release|x86.Build.0 = Release|Win32
		{FA53AE1B-BF3E-4146-8EAB-F16FCE9BA17F}.Debug|x64.ActiveCfg = Debug|x64
		{FA53AE1B-BF3E-4146-8EAB-F16FCE9BA17F}.Debug|x64.Build.0 = Debug|x64
		{FA53AE1B-BF3E-4146-8EAB-F16FCE9BA17F}.Debug|x86.ActiveCfg = Debug|Win32
		{FA53AE1B-BF3E-4146-8EAB-F16FCE9BA17F}.Debug|x86.Build.0 = Debug|Win32
		{FA53AE1B-BF3E-4146-8EAB-F16FCE9BA17F}.Release|x64.ActiveCfg = Release|x64
		{FA53AE1B-BF3E-4146-8EAB-F16FCE9BA17F}.Release|x64.Build.0 = Release|x64
		{FA53AE1B-BF3E-4146-8EAB-F16FCE9BA17F}.Release|x86.ActiveCfg = Release|Win32
		{FA53AE1B-BF3E-4146-8EAB-F16FCE9BA17F}.Release|x86.Build.0 = Release|Win32
		{4B4FEB3C-FCD3-4CF4-ABD0-83CD075B272A}.Debug|x64.ActiveCfg = Debug|x64
		{4B4FEB3C-FCD3-4CF4-ABD0-83CD075B272A}.Debug|x64.Build.0 = Debug|x64
		{4B4FEB3C-FCD3-4CF4-ABD0-83CD075B272A}.Debug|x86.ActiveCfg = Debug|Win32
		{4B4FEB3C-FCD3-4CF4-ABD0-83CD075B272A}.Debug|x86.Build.0 = Debug|Win32
		{4B4FEB3C-FCD3-4CF4-ABD0-83CD075B272A}.Release|x64.ActiveCfg = Release|x64
		{4B4FEB3C-FCD3-4CF4-ABD0-83CD075B272A}.Release|x64.Build.0 = Release|x64
		{4B4FEB3C-FCD3-4CF4-ABD0-83CD075B272A}.Release|x86.ActiveCfg = Release|Win32
		{4B4FEB3C-FCD3-4CF4-ABD0-83CD075B272A}.Release|x86.Build.0 = Release|Win32
		{B115B59B-2FC2-40B5-87FF-D8537EF41BBE}.Debug|x64.ActiveCfg = Debug|x64
		{B115B59B-2FC2-40B5-87FF-D8537EF41BBE}.Debug|x64.Build.0 = Debug|x64
		{B115B59B-2FC2-40B5-87FF-D8537EF41BBE}.Debug|x86.ActiveCfg = Debug|Win32
		{B115B59B-2FC2-40B5-87FF-D8537EF41BBE}.Debug|x86.Build.0 = Debug|Win32
		{B115B59B-2FC2-40B5-87FF-D8537EF41BBE}.Release|x64.ActiveCfg = Release|x64
		{B115B59B-2FC2-40B5-87FF-D8537EF41BBE}.Release|x64.Build.0 = Release|x64
		{B115B59B-2FC2-40B5-87FF-D8537EF41BBE}.Release|x86.ActiveCfg = Release|Win32
		{B115B59B-2FC2-40B5-87FF-D8537EF41BBE}.Release|x86.Build.0 = Release|Win32
		{1140FEDB-33AD-4E0E-B61B-3CFECC1AC11F}.Debug|x64.ActiveCfg = Debug|x64
		{1140FEDB-33AD-4E0E-B61B-3CFECC1AC11F}.Debug|x64.Build.0 = Debug|x64
		{1140FEDB-33AD-4E0E-B61B-3CFECC1AC11F}.Debug|x86.ActiveCfg = Debug|Win32
		{1140FEDB-33AD-4E0E-B61B-3CFECC1AC11F}.Debug|x86.Build.0 = Debug|Win32
		{1140FEDB-33AD-4E0E-B61B-3CFECC1AC11F}.Release|x64.ActiveCfg = Release|x64
		{1140FEDB-33AD-4E0E-B61B-3CFECC1AC11F}.Release|x64.Build.0 = Release|x64
		{1140FEDB-33AD-4E0E-B61B-3CFECC1AC11F}.Release|x86.ActiveCfg = Release|Win32
		{1140FEDB-33AD-4E0E-B61B-3CFECC1AC11F}.Release|x86.Build.0 = Release|Win32
		{D6718D1D-6BFA-4E63-8829-F48CFDC15A3F}.Debug|x64.ActiveCfg = Debug|x64
		{D6718D1D-6BFA-4E63-8829-F48CFDC15A3F}.Debug|x64.Build.0 = Debug|x64
		{D6718D1D-6BFA-4E63-8829-F48CFDC15A3F}.Debug|x86.ActiveCfg = Debug|Win32
		{D6718D1D-6BFA-4E63-8829-F48CFDC15A3F}.Debug|x86.Build.0 = Debug|Win32
		{D6718D1D-6BFA-4E63-8829-F48CFDC15A3F}.Release|x64.ActiveCfg = Release|x64
		{D6718D1D-6BFA-4E63-8829-F48CFDC15A3F}.Release|x64.Build.0 = Release|x64
		{D6718D1D-6BFA-4E63-8829-F48CFDC15A3F}.Release|x86.ActiveCfg = Release|Win32
		{D6718D1D-6BFA-4E63-8829-F48CFDC15A3F}.Release|x86.Build.0 = Release|Win32
		{612FD8C0-D4AF-4614-91C5-BEC6F6D01CD1}.Debug|x64.ActiveCfg = Debug|x64
		{612FD8C0-D4AF-4614-91C5-BEC6F6D01CD1}.Debug|x64.Build.0 = Debug|x64
		{612FD8C0-D4AF-4614-91C5-BEC6F6D01CD1}.Debug|x86.ActiveCfg = Debug|Win32
		{612FD8C0-D4AF-4614-91C5-BEC6F6D01CD1}.Debug|x86.Build.0 = Debug|Win32
		{612FD8C0-D4AF-4614-91C5-BEC6F6D01CD1}.Release|x64.ActiveCfg = Release|x64
		{612FD8C0-D4AF-4614-91C5-BEC6F6D01CD1}.Release|x64.Build.0 = Release|x64
		{612FD8C0-D4AF-4614-91C5-BEC6F6D01CD1}.Release|x86.ActiveCfg = Release|Win32
		{612FD8C0-D4AF-4614-91C5-BEC6F6D01CD1}.Release|x86.Build.0 = Release|Win32
		{26824DA7-AEF4-4FA4-88DC-375ABA466818}.Debug|x64.ActiveCfg = Debug|x64
		{26824DA7-AEF4-4FA4-88DC-375ABA466818}.Debug|x64.Build.0 = Debug|x64
		{26824DA7-AEF4-4FA4-88DC-375ABA466818}.Debug|x86.ActiveCfg = Debug|Win32
		{26824DA7-AEF4-4FA4-88DC-375ABA466818}.Debug|x86.Build.0 = Debug|Win32
		{26824DA7-AEF4-4FA4-88DC-375ABA466818}.Release|x64.ActiveCfg = Release|x64
		{26824DA7-AEF4-4FA4-88DC-375ABA466818}.Release|x64.Build.0 = Release|x64
		{26824DA7-AEF4-4FA4-88DC-375ABA466818}.Release|x86.ActiveCfg = Release|Win32
		{26824DA7-AEF4-4FA4-88DC-375ABA466818}.Release|x86.Build.0 = Release|Win32
		{F6F765B3-A3C7-45BF-A728-2F904E59945F}.Debug|x64.ActiveCfg = Debug|x64
		{F6F765B3-A3C7-45BF-A728-2F904E59945F}.Debug|x64.Build.0 = Debug|x64
		{F6F765B3-A3C7-45BF-A728-2F904E59945F}.Debug|x86.ActiveCfg = Debug|Win32
		{F6F765B3-A3C7-45BF-A728-2F904E59945F}.Debug|x86.Build.0 = Debug|Win32
		{F6F765B3-A3C7-45BF-A728-2F904E59945F}.Release|x64.ActiveCfg = Release|x64
		{F6F765B3-A3C7-45BF-A728-2F904E59945F}.Release|x64.Build.0 = Release|x64
		{F6F765B3-A3C7-45BF-A728-2F904E59945F}.Release|x86.ActiveCfg = Release|Win32
		{F6F765B3-A3C7-45BF-A728-2F904E59945F}.Release|x86.Build.0 = Release|Win32
		{E17C6022-4381-43E9-B415-1A0275F9ED7B}.Debug|x64.ActiveCfg = Debug|x64
		{E17C6022-4381-43E9-B415-1A0275F9ED7B}.Debug|x64.Build.0 = Debug|x64
		{E17C6022-4381-43E9-B415-1A0275F9ED7B}.Debug|x86.ActiveCfg = Debug|Win32
		{E17C6022-4381-43E9-B415-1A0275F9ED7B}.Debug|x86.Build.0 = Debug|Win32
		{E17C6022-4381-43E9-B415-1A0275F9ED7B}.Release|x64.ActiveCfg = Release|x64
		{E17C6022-4381-43E9-B415-1A0275F9ED7B}.Release|x64.Build.0 = Release|x64
		{E17C6022-4381-43E9-B415-1A0275F9ED7B}.Release|x86.ActiveCfg = Release|Win32
		{E17C6022-4381-43E9-B415-1A0275F9ED7B}.Release|x86.Build.0 = Release|Win32
		{98661F78-6DB8-4D95-A895-C2329BE6E98B}.Debug|x64.ActiveCfg = Debug|x64
		{98661F78-6DB8-4D95-A895-C2329BE6E98B}.Debug|x64.Build.0 = Debug|x64
		{98661F78-6DB8-4D95-A895-C2329BE6E98B}.Debug|x86.ActiveCfg = Debug|Win32
		{98661F78-6DB8-4D95-A895-C2329BE6E98B}.Debug|x86.Build.0 = Debug|Win32
		{98661F78-6DB8-4D95-A895-C2329BE6E98B}.Release|x64.ActiveCfg = Release|x64
		{98661F78-6DB8-4D95-A895-C2329BE6E98B}.Release|x64.Build.0 = Release|x64
		{98661F78-6DB8-4D95-A895-C2329BE6E98B}.Release|x86.ActiveCfg = Release|Win32
		{98661F78-6DB8-4D95-A895-C2329BE6E98B}.Release|x86.Build.0 = Release|Win32
		{2E09A082-DABA-4E8B-A9AF-0DEF9DA95BFC}.Debug|x64.ActiveCfg = Debug|x64
		{2E09A082-DABA-4E8B-A9AF-0DEF9DA95BFC}.Debug|x64.Build.0 = Debug|x64
		{2E09A082-DABA-4E8B-A9AF-0DEF9DA95BFC}.Debug|x86.ActiveCfg = Debug|Win32
		{2E09A082-DABA-4E8B-A9AF-0DEF9DA95BFC}.Debug|x86.Build.0 = Debug|Win32
		{2E09A082-DABA-4E8B-A9AF-0DEF9DA95BFC}.Release|x64.ActiveCfg = Release|x64
		{2E09A082-DABA-4E8B-A9AF-0DEF9DA95BFC}.Release|x64.Build.0 = Release|x64
		{2E09A082-DABA-4E8B-A9AF-0DEF9DA95BFC}.Release|x86.ActiveCfg = Release|Win32
		{2E09A082-DABA-4E8B-A9AF-0DEF9DA95BFC}.Release|x86.Build.0 = Release|Win32
		{CEDC912B-500A-4554-91C2-16A379D89EA8}.Debug|x64.ActiveCfg = Debug|x64
		{CEDC912B-500A-4554-91C2-16A379D89EA8}.Debug|x64.Build.0 = Debug|x64
		{CEDC912B-500A-4554-91C2-16A379D89EA8}.Debug|x86.ActiveCfg = Debug|Win32
		{CEDC912B-500A-4554-91C2-16A379D89EA8}.Debug|x86.Build.0 = Debug|Win32
		{CEDC912B-500A-4554-91C2-16A379D89EA8}.Release|x64.ActiveCfg = Release|x64
		{CEDC912B-500A-4554-91C2-16A379D89EA8}.Release|x64.Build.0 = Release|x64
		{CEDC912B-500A-4554-91C2-16A379D89EA8}.Release|x86.ActiveCfg = Release|Win32
		{CEDC912B-500A-4554-91C2-16A379D89EA8}.Release|x86.Build.0 = Release|Win32
		{498CB97E-DD37-46A2-A7BE-E88A25676183}.Debug|x64.ActiveCfg = Debug|x64
		{498CB97E-DD37-46A2-A7BE-E88A25676183}.Debug|x64.Build.0 = Debug|x64
		{498CB97E-DD37-46A2-A7BE-E88A25676183}.Debug|x86.ActiveCfg = Debug|Win32
		{498CB97E-DD37-46A2-A7BE-E88A25676183}.Debug|x86.Build.0 = Debug|Win32
		{498CB97E-DD37-46A2-A7BE-E88A25676183}.Release|x64.ActiveCfg = Release|x64
		{498CB97E-DD37-46A2-A7BE-E88A25676183}.Release|x64.Build.0 = Release|x64
		{498CB97E-DD37-46A2-A7BE-E88A25676183}.Release|x86.ActiveCfg = Release|Win32
		{498CB97E-DD37-46A2-A7BE-E88A25676183}.Release|x86.Build.0 = Release|Win32
		{E1775099-78CE-4E29-8337-2C905A29EFC4}.Debug|x64.ActiveCfg = Debug|x64
		{E1775099-78CE-4E29-8337-2C905A29EFC4}.Debug|x64.Build.0 = Debug|x64
		{E1775099-78CE-4E29-8337-2C905A29EFC4}.Debug|x86.ActiveCfg = Debug|Win32
		{E1775099-78CE-4E29-8337-2C905A29EFC4}.Debug|x86.Build.0 = Debug|Win32
		{E1775099-78CE-4E29-8337-2C905A29EFC4}.Release|x64.ActiveCfg = Release|x64
		{E1775099-78CE-4E29-8337-2C905A29EFC4}.Release|x64.Build.0 = Release|x64
		{E1775099-78CE-4E29-8337-2C905A29EFC4}.Release|x86.ActiveCfg = Release|Win32
		{E1775099-78CE-4E29-8337-2C905A29EFC4}.Release|x86.Build.0 = Release|Win32
		{B57FB7F7-143B-40E3-BB81-05335EBAB4A0}.Debug|x64.ActiveCfg = Debug|x64
		{B57FB7F7-143B-40E3-BB81-05335EBAB4A0}.Debug|x64.Build.0 = Debug|x64
		{B57FB7F7-143B-40E3-BB81-05335EBAB4A0}.Debug|x86.ActiveCfg = Debug|Win32
		{B57FB7F7-143B-40E3-BB81-05335EBAB4A0}.Debug|x86.Build.0 = Debug|Win32
		{B57FB7F7-143B-40E3-BB81-05335EBAB4A0}.Release|x64.ActiveCfg = Release|x64
		{B57FB7F7-143B-40E3-BB81-05335EBAB4A0}.Release|x64.Build.0 = Release|x64
		{B57FB7F7-143B-40E3-BB81-05335EBAB4A0}.Release|x86.ActiveCfg = Release|Win32
		{B57FB7F7-143B-40E3-BB81-05335EBAB4A0}.Release|x86.Build.0 = Release|Win32
		{5A699A61-A5DB-413F-B5D2-E21952090B6D}.Debug|x64.ActiveCfg = Debug|x64
		{5A699A61-A5DB-413F-B5D2-E21952090B6D}.Debug|x64.Build.0 = Debug|x64
		{5A699A61-A5DB-413F-B5D2-E21952090B6D}.Debug|x86.ActiveCfg = Debug|Win32
		{5A699A61-A5DB-413F-B5D2-E21952090B6D}.Debug|x86.Build.0 = Debug|Win32
		{5A699A61-A5DB-413F-B5D2-E21952090B6D}.Release|x64.ActiveCfg = Release|x64
		{5A699A61-A5DB-413F-B5D2-E21952090B6D}.Release|x64.Build.0 = Release|x64
		{5A699A61-A5DB-413F-B5D2-E21952090B6D}.Release|x86.ActiveCfg = Release|Win32
		{5A699A61-A5DB-413F-B5D2-E21952090B6D}.Release|x86.Build.0 = Release|Win32
		{7C9084FD-207D-4110-B665-40E10824AB3D}.Debug|x64.ActiveCfg = Debug|x64
		{7C9084FD-207D-4110-B665-40E10824AB3D}.Debug|x64.Build.0 = Debug|x64
		{7C9084FD-207D-4110-B665-40E10824AB3D}.Debug|x86.ActiveCfg = Debug|Win32
		{7C9084FD-207D-4110-B665-40E10824AB3D}.Debug|x86.Build.0 = Debug|Win32
		{7C9084FD-207D-4110-B665-40E10824AB3D}.Release|x64.ActiveCfg = Release|x64
		{7C9084FD-207D-4110-B665-40E10824AB3D}.Release|x64.Build.0 = Release|x64
		{7C9084FD-207D-4110-B665-40E10824AB3D}.Release|x86.ActiveCfg = Release|Win32
		{7C9084FD-207D-4110-B665-40E10824AB3D}.Release|x86.Build.0 = Release|Win32
		{EF25932A-E38C-4830-9D61-81DA42E31F32}.Debug|x64.ActiveCfg = Debug|x64
		{EF25932A-E38C-4830-9D61-81DA42E31F32}.Debug|x64.Build.0 = Debug|x64
		{EF25932A-E38C-4830-9D61-81DA42E31F32}.Debug|x86.ActiveCfg = Debug|Win32
		{EF25932A-E38C-4830-9D61-81DA42E31F32}.Debug|x86.Build.0 = Debug|Win32
		{EF25932A-E38C-4830-9D61-81DA42E31F32}.Release|x64.ActiveCfg = Release|x64
		{EF25932A-E38C-4830-9D61-81DA42E31F32}.Release|x64.Build.0 = Release|x64
		{EF25932A-E38C-4830-9D61-81DA42E31F32}.Release|x86.ActiveCfg = Release|Win32
		{EF25932A-E38C-4830-9D61-81DA42E31F32}.Release|x86.Build.0 = Release|Win32
		{F684ADC9-3F82-46B2-94A1-4C1765074985}.Debug|x64.ActiveCfg = Debug|x64
		{F684ADC9-3F82-46B2-94A1-4C1765074985}.Debug|x64.Build.0 = Debug|x64
		{F684ADC9-3F82-46B2-94A1-4C1765074985}.Debug|x86.ActiveCfg = Debug|Win32
		{F684ADC9-3F82-46B2-94A1-4C1765074985}.Debug|x86.Build.0 = Debug|Win32
		{F684ADC9-3F82-46B2-94A1-4C1765074985}.Release|x64.ActiveCfg = Release|x64
		{F684ADC9-3F82-46B2-94A1-4C1765074985}.Release|x64.Build.0 = Release|x64
		{F684ADC9-3F82-46B2-94A1-4C1765074985}.Release|x86.ActiveCfg = Release|Win32
		{F684ADC9-3F82-46B2-94A1-4C1765074985}.Release|x86.Build.0 = Release|Win32
		{7F783D52-6B96-4730-B2E1-9945EECC14A8}.Debug|x64.ActiveCfg = Debug|x64
		{7F783D52-6B96-4730-B2E1-9945EECC14A8}.Debug|x64.Build.0 = Debug|x64
		{7F783D52-6B96-4730-B2E1-9945EECC14A8}.Debug|x86.ActiveCfg = Debug|Win32
		{7F783D52-6B96-4730-B2E1-9945EECC14A8}.Debug|x86.Build.0 = Debug|Win32
		{7F783D52-6B96-4730-B2E1-9945EECC14A8}.Release|x64.ActiveCfg = Release|x64
		{7F783D52-6B96-4730-B2E1-9945EECC14A8}.Release|x64.Build.0 = Release|x64
		{7F783D52-6B96-4730-B2E1-9945EECC14A8}.Release|x86.ActiveCfg = Release|Win32
		{7F783D52-6B96-4730-B2E1-9945EECC14A8}.Release|x86.Build.0 = Release|Win32
	EndGlobalSection
	GlobalSection(SolutionProperties) = preSolution
		HideSolutionNode = FALSE
	EndGlobalSection
	GlobalSection(ExtensibilityGlobals) = postSolution
		SolutionGuid = {F01BEFD4-3B35-459A-AAE0-622BCA28D47E}
	EndGlobalSection
EndGlobal
